
Microsoft Visual Studio Solution File, Format Version 12.00
# Visual Studio Version 17
VisualStudioVersion = 17.14.36518.9
MinimumVisualStudioVersion = 10.0.40219.1
Project("{FAE04EC0-301F-11D3-BF4B-00C04F79EFBC}") = "Api", "Api\Api.csproj", "{01E292E4-7784-42A0-9C26-B17A4DEFC300}"
EndProject
Project("{FAE04EC0-301F-11D3-BF4B-00C04F79EFBC}") = "Web", "Web\Web.csproj", "{8B9E72EF-8760-4E69-B2BC-C626DC1DD521}"
EndProject
Project("{FAE04EC0-301F-11D3-BF4B-00C04F79EFBC}") = "Domain", "Domain\Domain.csproj", "{C50FEBDC-E528-41D3-B324-F87E1711CC29}"
EndProject
Project("{FAE04EC0-301F-11D3-BF4B-00C04F79EFBC}") = "Infrastructure", "Infrastructure\Infrastructure.csproj", "{13E386BB-5813-422B-9238-96B7CB1A0E9E}"
EndProject
Project("{FAE04EC0-301F-11D3-BF4B-00C04F79EFBC}") = "Desktop", "Desktop\Desktop.csproj", "{D0437C71-C3EA-4D61-AFCB-E145D26C3CB2}"
EndProject
Global
	GlobalSection(SolutionConfigurationPlatforms) = preSolution
		Debug|Any CPU = Debug|Any CPU
		Debug|x64 = Debug|x64
		Debug|x86 = Debug|x86
		Release|Any CPU = Release|Any CPU
		Release|x64 = Release|x64
		Release|x86 = Release|x86
	EndGlobalSection
	GlobalSection(ProjectConfigurationPlatforms) = postSolution
		{01E292E4-7784-42A0-9C26-B17A4DEFC300}.Debug|Any CPU.ActiveCfg = Debug|Any CPU
		{01E292E4-7784-42A0-9C26-B17A4DEFC300}.Debug|Any CPU.Build.0 = Debug|Any CPU
		{01E292E4-7784-42A0-9C26-B17A4DEFC300}.Debug|x64.ActiveCfg = Debug|Any CPU
		{01E292E4-7784-42A0-9C26-B17A4DEFC300}.Debug|x64.Build.0 = Debug|Any CPU
		{01E292E4-7784-42A0-9C26-B17A4DEFC300}.Debug|x86.ActiveCfg = Debug|Any CPU
		{01E292E4-7784-42A0-9C26-B17A4DEFC300}.Debug|x86.Build.0 = Debug|Any CPU
		{01E292E4-7784-42A0-9C26-B17A4DEFC300}.Release|Any CPU.ActiveCfg = Release|Any CPU
		{01E292E4-7784-42A0-9C26-B17A4DEFC300}.Release|Any CPU.Build.0 = Release|Any CPU
		{01E292E4-7784-42A0-9C26-B17A4DEFC300}.Release|x64.ActiveCfg = Release|Any CPU
		{01E292E4-7784-42A0-9C26-B17A4DEFC300}.Release|x64.Build.0 = Release|Any CPU
		{01E292E4-7784-42A0-9C26-B17A4DEFC300}.Release|x86.ActiveCfg = Release|Any CPU
		{01E292E4-7784-42A0-9C26-B17A4DEFC300}.Release|x86.Build.0 = Release|Any CPU
		{8B9E72EF-8760-4E69-B2BC-C626DC1DD521}.Debug|Any CPU.ActiveCfg = Debug|Any CPU
		{8B9E72EF-8760-4E69-B2BC-C626DC1DD521}.Debug|Any CPU.Build.0 = Debug|Any CPU
		{8B9E72EF-8760-4E69-B2BC-C626DC1DD521}.Debug|x64.ActiveCfg = Debug|Any CPU
		{8B9E72EF-8760-4E69-B2BC-C626DC1DD521}.Debug|x64.Build.0 = Debug|Any CPU
		{8B9E72EF-8760-4E69-B2BC-C626DC1DD521}.Debug|x86.ActiveCfg = Debug|Any CPU
		{8B9E72EF-8760-4E69-B2BC-C626DC1DD521}.Debug|x86.Build.0 = Debug|Any CPU
		{8B9E72EF-8760-4E69-B2BC-C626DC1DD521}.Release|Any CPU.ActiveCfg = Release|Any CPU
		{8B9E72EF-8760-4E69-B2BC-C626DC1DD521}.Release|Any CPU.Build.0 = Release|Any CPU
		{8B9E72EF-8760-4E69-B2BC-C626DC1DD521}.Release|x64.ActiveCfg = Release|Any CPU
		{8B9E72EF-8760-4E69-B2BC-C626DC1DD521}.Release|x64.Build.0 = Release|Any CPU
		{8B9E72EF-8760-4E69-B2BC-C626DC1DD521}.Release|x86.ActiveCfg = Release|Any CPU
		{8B9E72EF-8760-4E69-B2BC-C626DC1DD521}.Release|x86.Build.0 = Release|Any CPU
		{C50FEBDC-E528-41D3-B324-F87E1711CC29}.Debug|Any CPU.ActiveCfg = Debug|Any CPU
		{C50FEBDC-E528-41D3-B324-F87E1711CC29}.Debug|Any CPU.Build.0 = Debug|Any CPU
		{C50FEBDC-E528-41D3-B324-F87E1711CC29}.Debug|x64.ActiveCfg = Debug|Any CPU
		{C50FEBDC-E528-41D3-B324-F87E1711CC29}.Debug|x64.Build.0 = Debug|Any CPU
		{C50FEBDC-E528-41D3-B324-F87E1711CC29}.Debug|x86.ActiveCfg = Debug|Any CPU
		{C50FEBDC-E528-41D3-B324-F87E1711CC29}.Debug|x86.Build.0 = Debug|Any CPU
		{C50FEBDC-E528-41D3-B324-F87E1711CC29}.Release|Any CPU.ActiveCfg = Release|Any CPU
		{C50FEBDC-E528-41D3-B324-F87E1711CC29}.Release|Any CPU.Build.0 = Release|Any CPU
		{C50FEBDC-E528-41D3-B324-F87E1711CC29}.Release|x64.ActiveCfg = Release|Any CPU
		{C50FEBDC-E528-41D3-B324-F87E1711CC29}.Release|x64.Build.0 = Release|Any CPU
		{C50FEBDC-E528-41D3-B324-F87E1711CC29}.Release|x86.ActiveCfg = Release|Any CPU
		{C50FEBDC-E528-41D3-B324-F87E1711CC29}.Release|x86.Build.0 = Release|Any CPU
		{13E386BB-5813-422B-9238-96B7CB1A0E9E}.Debug|Any CPU.ActiveCfg = Debug|Any CPU
		{13E386BB-5813-422B-9238-96B7CB1A0E9E}.Debug|Any CPU.Build.0 = Debug|Any CPU
		{13E386BB-5813-422B-9238-96B7CB1A0E9E}.Debug|x64.ActiveCfg = Debug|Any CPU
		{13E386BB-5813-422B-9238-96B7CB1A0E9E}.Debug|x64.Build.0 = Debug|Any CPU
		{13E386BB-5813-422B-9238-96B7CB1A0E9E}.Debug|x86.ActiveCfg = Debug|Any CPU
		{13E386BB-5813-422B-9238-96B7CB1A0E9E}.Debug|x86.Build.0 = Debug|Any CPU
		{13E386BB-5813-422B-9238-96B7CB1A0E9E}.Release|Any CPU.ActiveCfg = Release|Any CPU
		{13E386BB-5813-422B-9238-96B7CB1A0E9E}.Release|Any CPU.Build.0 = Release|Any CPU
		{13E386BB-5813-422B-9238-96B7CB1A0E9E}.Release|x64.ActiveCfg = Release|Any CPU
		{13E386BB-5813-422B-9238-96B7CB1A0E9E}.Release|x64.Build.0 = Release|Any CPU
		{13E386BB-5813-422B-9238-96B7CB1A0E9E}.Release|x86.ActiveCfg = Release|Any CPU
		{13E386BB-5813-422B-9238-96B7CB1A0E9E}.Release|x86.Build.0 = Release|Any CPU
		{D0437C71-C3EA-4D61-AFCB-E145D26C3CB2}.Debug|Any CPU.ActiveCfg = Debug|Any CPU
		{D0437C71-C3EA-4D61-AFCB-E145D26C3CB2}.Debug|Any CPU.Build.0 = Debug|Any CPU
		{D0437C71-C3EA-4D61-AFCB-E145D26C3CB2}.Debug|x64.ActiveCfg = Debug|Any CPU
		{D0437C71-C3EA-4D61-AFCB-E145D26C3CB2}.Debug|x64.Build.0 = Debug|Any CPU
		{D0437C71-C3EA-4D61-AFCB-E145D26C3CB2}.Debug|x86.ActiveCfg = Debug|Any CPU
		{D0437C71-C3EA-4D61-AFCB-E145D26C3CB2}.Debug|x86.Build.0 = Debug|Any CPU
		{D0437C71-C3EA-4D61-AFCB-E145D26C3CB2}.Release|Any CPU.ActiveCfg = Release|Any CPU
		{D0437C71-C3EA-4D61-AFCB-E145D26C3CB2}.Release|Any CPU.Build.0 = Release|Any CPU
		{D0437C71-C3EA-4D61-AFCB-E145D26C3CB2}.Release|x64.ActiveCfg = Release|Any CPU
		{D0437C71-C3EA-4D61-AFCB-E145D26C3CB2}.Release|x64.Build.0 = Release|Any CPU
		{D0437C71-C3EA-4D61-AFCB-E145D26C3CB2}.Release|x86.ActiveCfg = Release|Any CPU
		{D0437C71-C3EA-4D61-AFCB-E145D26C3CB2}.Release|x86.Build.0 = Release|Any CPU
	EndGlobalSection
	GlobalSection(SolutionProperties) = preSolution
		HideSolutionNode = FALSE
	EndGlobalSection
	GlobalSection(ExtensibilityGlobals) = postSolution
		SolutionGuid = {A469D895-31BC-4024-9CEE-D4A3DFFF9414}
	EndGlobalSection
EndGlobal
